{
  "name": "evntya",
  "version": "1.0.0",
  "lockfileVersion": 3,
  "requires": true,
  "packages": {
    "": {
      "name": "evntya",
      "version": "1.0.0",
      "license": "ISC",
      "dependencies": {
        "@fontsource/roboto": "^5.0.3",
        "fontsource-inter": "^4.0.0"
      }
    },
    "node_modules/@fontsource/roboto": {
      "version": "5.0.3",
      "resolved": "https://registry.npmjs.org/@fontsource/roboto/-/roboto-5.0.3.tgz",
      "integrity": "sha512-jbZDFwEFARDlo8TqG7th/xjhuq87GYfFpFb+uxuy+0Ng1bhRVgBRWlLj8+WIKhCTOr+h4QXbjpybLWFLUirOwQ=="
    },
    "node_modules/fontsource-inter": {
      "version": "4.0.0",
      "resolved": "https://registry.npmjs.org/fontsource-inter/-/fontsource-inter-4.0.0.tgz",
      "integrity": "sha512-TicQe9zq5GS12vE/ZOE+iXkJ0GN+Tem4TrIbPyOsGn3OaTrs/bmc/a4BjDzJsxS8+Qr3t121Bw5acyeqb4fiAQ==",
      "deprecated": "Package relocated. Please install and migrate to @fontsource/inter."
    }
  }
}
